
Microsoft Visual Studio Solution File, Format Version 12.00
# Visual Studio 15
VisualStudioVersion = 15.0.28010.2036
MinimumVisualStudioVersion = 10.0.40219.1
Project("{FAE04EC0-301F-11D3-BF4B-00C04F79EFBC}") = "SocketClient", "SocketClient\SocketClient.csproj", "{56833612-C361-45FA-B663-9C1CAF2DB04B}"
EndProject
Global
	GlobalSection(SolutionConfigurationPlatforms) = preSolution
		Debug|Any CPU = Debug|Any CPU
		Release|Any CPU = Release|Any CPU
	EndGlobalSection
	GlobalSection(ProjectConfigurationPlatforms) = postSolution
		{56833612-C361-45FA-B663-9C1CAF2DB04B}.Debug|Any CPU.ActiveCfg = Debug|Any CPU
		{56833612-C361-45FA-B663-9C1CAF2DB04B}.Debug|Any CPU.Build.0 = Debug|Any CPU
		{56833612-C361-45FA-B663-9C1CAF2DB04B}.Release|Any CPU.ActiveCfg = Release|Any CPU
		{56833612-C361-45FA-B663-9C1CAF2DB04B}.Release|Any CPU.Build.0 = Release|Any CPU
	EndGlobalSection
	GlobalSection(SolutionProperties) = preSolution
		HideSolutionNode = FALSE
	EndGlobalSection
	GlobalSection(ExtensibilityGlobals) = postSolution
		SolutionGuid = {C596D50C-9AD6-43FA-8445-60F1A67FB0DD}
	EndGlobalSection
EndGlobal
